// !$*UTF8*$!
{
	archiveVersion = 1;
	classes = {
	};
	objectVersion = 50;
	objects = {

/* Begin PBXBuildFile section */
		18C2885AFAE75C1DC01DF74E /* Pods_ShopifyUITests.framework in Frameworks */ = {isa = PBXBuildFile; fileRef = 62360DD519192BBF0784507C /* Pods_ShopifyUITests.framework */; };
		3EEDAFBD784AE9853DA90052 /* Pods_Shopify.framework in Frameworks */ = {isa = PBXBuildFile; fileRef = 6B9D49489792D89F2581BD0F /* Pods_Shopify.framework */; };
		55A9C94321E3BC8800FA1FDB /* AppDelegate.swift in Sources */ = {isa = PBXBuildFile; fileRef = 55A9C94221E3BC8800FA1FDB /* AppDelegate.swift */; };
		55A9C94521E3BC8800FA1FDB /* ViewController.swift in Sources */ = {isa = PBXBuildFile; fileRef = 55A9C94421E3BC8800FA1FDB /* ViewController.swift */; };
		55A9C94821E3BC8800FA1FDB /* Main.storyboard in Resources */ = {isa = PBXBuildFile; fileRef = 55A9C94621E3BC8800FA1FDB /* Main.storyboard */; };
		55A9C94A21E3BC8900FA1FDB /* Assets.xcassets in Resources */ = {isa = PBXBuildFile; fileRef = 55A9C94921E3BC8900FA1FDB /* Assets.xcassets */; };
		55A9C94D21E3BC8900FA1FDB /* LaunchScreen.storyboard in Resources */ = {isa = PBXBuildFile; fileRef = 55A9C94B21E3BC8900FA1FDB /* LaunchScreen.storyboard */; };
		55A9C95821E3BC8900FA1FDB /* ShopifyTests.swift in Sources */ = {isa = PBXBuildFile; fileRef = 55A9C95721E3BC8900FA1FDB /* ShopifyTests.swift */; };
		55A9C96321E3BC8900FA1FDB /* ShopifyUITests.swift in Sources */ = {isa = PBXBuildFile; fileRef = 55A9C96221E3BC8900FA1FDB /* ShopifyUITests.swift */; };
		AC953FB2D9E09E0BBF7895AC /* Pods_ShopifyTests.framework in Frameworks */ = {isa = PBXBuildFile; fileRef = 35C38E7A3C212EE11A557966 /* Pods_ShopifyTests.framework */; };
/* End PBXBuildFile section */

/* Begin PBXContainerItemProxy section */
		55A9C95421E3BC8900FA1FDB /* PBXContainerItemProxy */ = {
			isa = PBXContainerItemProxy;
			containerPortal = 55A9C93721E3BC8800FA1FDB /* Project object */;
			proxyType = 1;
			remoteGlobalIDString = 55A9C93E21E3BC8800FA1FDB;
			remoteInfo = Shopify;
		};
		55A9C95F21E3BC8900FA1FDB /* PBXContainerItemProxy */ = {
			isa = PBXContainerItemProxy;
			containerPortal = 55A9C93721E3BC8800FA1FDB /* Project object */;
			proxyType = 1;
			remoteGlobalIDString = 55A9C93E21E3BC8800FA1FDB;
			remoteInfo = Shopify;
		};
/* End PBXContainerItemProxy section */

/* Begin PBXFileReference section */
		21508A4EE45F879617F01C52 /* Pods-ShopifyTests.release.xcconfig */ = {isa = PBXFileReference; includeInIndex = 1; lastKnownFileType = text.xcconfig; name = "Pods-ShopifyTests.release.xcconfig"; path = "Pods/Target Support Files/Pods-ShopifyTests/Pods-ShopifyTests.release.xcconfig"; sourceTree = "<group>"; };
		35C38E7A3C212EE11A557966 /* Pods_ShopifyTests.framework */ = {isa = PBXFileReference; explicitFileType = wrapper.framework; includeInIndex = 0; path = Pods_ShopifyTests.framework; sourceTree = BUILT_PRODUCTS_DIR; };
		55A9C93F21E3BC8800FA1FDB /* Shopify.app */ = {isa = PBXFileReference; explicitFileType = wrapper.application; includeInIndex = 0; path = Shopify.app; sourceTree = BUILT_PRODUCTS_DIR; };
		55A9C94221E3BC8800FA1FDB /* AppDelegate.swift */ = {isa = PBXFileReference; lastKnownFileType = sourcecode.swift; path = AppDelegate.swift; sourceTree = "<group>"; };
		55A9C94421E3BC8800FA1FDB /* ViewController.swift */ = {isa = PBXFileReference; lastKnownFileType = sourcecode.swift; path = ViewController.swift; sourceTree = "<group>"; };
		55A9C94721E3BC8800FA1FDB /* Base */ = {isa = PBXFileReference; lastKnownFileType = file.storyboard; name = Base; path = Base.lproj/Main.storyboard; sourceTree = "<group>"; };
		55A9C94921E3BC8900FA1FDB /* Assets.xcassets */ = {isa = PBXFileReference; lastKnownFileType = folder.assetcatalog; path = Assets.xcassets; sourceTree = "<group>"; };
		55A9C94C21E3BC8900FA1FDB /* Base */ = {isa = PBXFileReference; lastKnownFileType = file.storyboard; name = Base; path = Base.lproj/LaunchScreen.storyboard; sourceTree = "<group>"; };
		55A9C94E21E3BC8900FA1FDB /* Info.plist */ = {isa = PBXFileReference; lastKnownFileType = text.plist.xml; path = Info.plist; sourceTree = "<group>"; };
		55A9C95321E3BC8900FA1FDB /* ShopifyTests.xctest */ = {isa = PBXFileReference; explicitFileType = wrapper.cfbundle; includeInIndex = 0; path = ShopifyTests.xctest; sourceTree = BUILT_PRODUCTS_DIR; };
		55A9C95721E3BC8900FA1FDB /* ShopifyTests.swift */ = {isa = PBXFileReference; lastKnownFileType = sourcecode.swift; path = ShopifyTests.swift; sourceTree = "<group>"; };
		55A9C95921E3BC8900FA1FDB /* Info.plist */ = {isa = PBXFileReference; lastKnownFileType = text.plist.xml; path = Info.plist; sourceTree = "<group>"; };
		55A9C95E21E3BC8900FA1FDB /* ShopifyUITests.xctest */ = {isa = PBXFileReference; explicitFileType = wrapper.cfbundle; includeInIndex = 0; path = ShopifyUITests.xctest; sourceTree = BUILT_PRODUCTS_DIR; };
		55A9C96221E3BC8900FA1FDB /* ShopifyUITests.swift */ = {isa = PBXFileReference; lastKnownFileType = sourcecode.swift; path = ShopifyUITests.swift; sourceTree = "<group>"; };
		55A9C96421E3BC8900FA1FDB /* Info.plist */ = {isa = PBXFileReference; lastKnownFileType = text.plist.xml; path = Info.plist; sourceTree = "<group>"; };
		59903251DBCF5A5814BA24CB /* Pods-Shopify.release.xcconfig */ = {isa = PBXFileReference; includeInIndex = 1; lastKnownFileType = text.xcconfig; name = "Pods-Shopify.release.xcconfig"; path = "Pods/Target Support Files/Pods-Shopify/Pods-Shopify.release.xcconfig"; sourceTree = "<group>"; };
		5B59379BDE4970B80B2293D5 /* Pods-ShopifyTests.debug.xcconfig */ = {isa = PBXFileReference; includeInIndex = 1; lastKnownFileType = text.xcconfig; name = "Pods-ShopifyTests.debug.xcconfig"; path = "Pods/Target Support Files/Pods-ShopifyTests/Pods-ShopifyTests.debug.xcconfig"; sourceTree = "<group>"; };
		62360DD519192BBF0784507C /* Pods_ShopifyUITests.framework */ = {isa = PBXFileReference; explicitFileType = wrapper.framework; includeInIndex = 0; path = Pods_ShopifyUITests.framework; sourceTree = BUILT_PRODUCTS_DIR; };
		6B9D49489792D89F2581BD0F /* Pods_Shopify.framework */ = {isa = PBXFileReference; explicitFileType = wrapper.framework; includeInIndex = 0; path = Pods_Shopify.framework; sourceTree = BUILT_PRODUCTS_DIR; };
		796D217413F2264AD695FC56 /* Pods-Shopify.debug.xcconfig */ = {isa = PBXFileReference; includeInIndex = 1; lastKnownFileType = text.xcconfig; name = "Pods-Shopify.debug.xcconfig"; path = "Pods/Target Support Files/Pods-Shopify/Pods-Shopify.debug.xcconfig"; sourceTree = "<group>"; };
		B4CC51F5331B5912618D97AE /* Pods-ShopifyUITests.release.xcconfig */ = {isa = PBXFileReference; includeInIndex = 1; lastKnownFileType = text.xcconfig; name = "Pods-ShopifyUITests.release.xcconfig"; path = "Pods/Target Support Files/Pods-ShopifyUITests/Pods-ShopifyUITests.release.xcconfig"; sourceTree = "<group>"; };
		E4B5FC3CB57FB3B73240C86F /* Pods-ShopifyUITests.debug.xcconfig */ = {isa = PBXFileReference; includeInIndex = 1; lastKnownFileType = text.xcconfig; name = "Pods-ShopifyUITests.debug.xcconfig"; path = "Pods/Target Support Files/Pods-ShopifyUITests/Pods-ShopifyUITests.debug.xcconfig"; sourceTree = "<group>"; };
/* End PBXFileReference section */

/* Begin PBXFrameworksBuildPhase section */
		55A9C93C21E3BC8800FA1FDB /* Frameworks */ = {
			isa = PBXFrameworksBuildPhase;
			buildActionMask = 2147483647;
			files = (
				3EEDAFBD784AE9853DA90052 /* Pods_Shopify.framework in Frameworks */,
			);
			runOnlyForDeploymentPostprocessing = 0;
		};
		55A9C95021E3BC8900FA1FDB /* Frameworks */ = {
			isa = PBXFrameworksBuildPhase;
			buildActionMask = 2147483647;
			files = (
				AC953FB2D9E09E0BBF7895AC /* Pods_ShopifyTests.framework in Frameworks */,
			);
			runOnlyForDeploymentPostprocessing = 0;
		};
		55A9C95B21E3BC8900FA1FDB /* Frameworks */ = {
			isa = PBXFrameworksBuildPhase;
			buildActionMask = 2147483647;
			files = (
				18C2885AFAE75C1DC01DF74E /* Pods_ShopifyUITests.framework in Frameworks */,
			);
			runOnlyForDeploymentPostprocessing = 0;
		};
/* End PBXFrameworksBuildPhase section */

/* Begin PBXGroup section */
		4972C35304189E5FBFA546CE /* Pods */ = {
			isa = PBXGroup;
			children = (
				796D217413F2264AD695FC56 /* Pods-Shopify.debug.xcconfig */,
				59903251DBCF5A5814BA24CB /* Pods-Shopify.release.xcconfig */,
				5B59379BDE4970B80B2293D5 /* Pods-ShopifyTests.debug.xcconfig */,
				21508A4EE45F879617F01C52 /* Pods-ShopifyTests.release.xcconfig */,
				E4B5FC3CB57FB3B73240C86F /* Pods-ShopifyUITests.debug.xcconfig */,
				B4CC51F5331B5912618D97AE /* Pods-ShopifyUITests.release.xcconfig */,
			);
			name = Pods;
			sourceTree = "<group>";
		};
		55A9C93621E3BC8800FA1FDB = {
			isa = PBXGroup;
			children = (
				55A9C94121E3BC8800FA1FDB /* Shopify */,
				55A9C95621E3BC8900FA1FDB /* ShopifyTests */,
				55A9C96121E3BC8900FA1FDB /* ShopifyUITests */,
				55A9C94021E3BC8800FA1FDB /* Products */,
				4972C35304189E5FBFA546CE /* Pods */,
				E948D3CA1EEB82ADABBA850A /* Frameworks */,
			);
			sourceTree = "<group>";
		};
		55A9C94021E3BC8800FA1FDB /* Products */ = {
			isa = PBXGroup;
			children = (
				55A9C93F21E3BC8800FA1FDB /* Shopify.app */,
				55A9C95321E3BC8900FA1FDB /* ShopifyTests.xctest */,
				55A9C95E21E3BC8900FA1FDB /* ShopifyUITests.xctest */,
			);
			name = Products;
			sourceTree = "<group>";
		};
		55A9C94121E3BC8800FA1FDB /* Shopify */ = {
			isa = PBXGroup;
			children = (
				55A9C94221E3BC8800FA1FDB /* AppDelegate.swift */,
				55A9C94421E3BC8800FA1FDB /* ViewController.swift */,
				55A9C94621E3BC8800FA1FDB /* Main.storyboard */,
				55A9C94921E3BC8900FA1FDB /* Assets.xcassets */,
				55A9C94B21E3BC8900FA1FDB /* LaunchScreen.storyboard */,
				55A9C94E21E3BC8900FA1FDB /* Info.plist */,
			);
			path = Shopify;
			sourceTree = "<group>";
		};
		55A9C95621E3BC8900FA1FDB /* ShopifyTests */ = {
			isa = PBXGroup;
			children = (
				55A9C95721E3BC8900FA1FDB /* ShopifyTests.swift */,
				55A9C95921E3BC8900FA1FDB /* Info.plist */,
			);
			path = ShopifyTests;
			sourceTree = "<group>";
		};
		55A9C96121E3BC8900FA1FDB /* ShopifyUITests */ = {
			isa = PBXGroup;
			children = (
				55A9C96221E3BC8900FA1FDB /* ShopifyUITests.swift */,
				55A9C96421E3BC8900FA1FDB /* Info.plist */,
			);
			path = ShopifyUITests;
			sourceTree = "<group>";
		};
		E948D3CA1EEB82ADABBA850A /* Frameworks */ = {
			isa = PBXGroup;
			children = (
				6B9D49489792D89F2581BD0F /* Pods_Shopify.framework */,
				35C38E7A3C212EE11A557966 /* Pods_ShopifyTests.framework */,
				62360DD519192BBF0784507C /* Pods_ShopifyUITests.framework */,
			);
			name = Frameworks;
			sourceTree = "<group>";
		};
/* End PBXGroup section */

/* Begin PBXNativeTarget section */
		55A9C93E21E3BC8800FA1FDB /* Shopify */ = {
			isa = PBXNativeTarget;
			buildConfigurationList = 55A9C96721E3BC8900FA1FDB /* Build configuration list for PBXNativeTarget "Shopify" */;
			buildPhases = (
				BB1B8605FE04DC35615ECD3C /* [CP] Check Pods Manifest.lock */,
				55A9C93B21E3BC8800FA1FDB /* Sources */,
				55A9C93C21E3BC8800FA1FDB /* Frameworks */,
				55A9C93D21E3BC8800FA1FDB /* Resources */,
				BDCD218ED5BF2E5271237C60 /* [CP] Embed Pods Frameworks */,
			);
			buildRules = (
			);
			dependencies = (
			);
			name = Shopify;
			productName = Shopify;
			productReference = 55A9C93F21E3BC8800FA1FDB /* Shopify.app */;
			productType = "com.apple.product-type.application";
		};
		55A9C95221E3BC8900FA1FDB /* ShopifyTests */ = {
			isa = PBXNativeTarget;
			buildConfigurationList = 55A9C96A21E3BC8900FA1FDB /* Build configuration list for PBXNativeTarget "ShopifyTests" */;
			buildPhases = (
				B0DA0CF3E8B81132B08E2833 /* [CP] Check Pods Manifest.lock */,
				55A9C94F21E3BC8900FA1FDB /* Sources */,
				55A9C95021E3BC8900FA1FDB /* Frameworks */,
				55A9C95121E3BC8900FA1FDB /* Resources */,
			);
			buildRules = (
			);
			dependencies = (
				55A9C95521E3BC8900FA1FDB /* PBXTargetDependency */,
			);
			name = ShopifyTests;
			productName = ShopifyTests;
			productReference = 55A9C95321E3BC8900FA1FDB /* ShopifyTests.xctest */;
			productType = "com.apple.product-type.bundle.unit-test";
		};
		55A9C95D21E3BC8900FA1FDB /* ShopifyUITests */ = {
			isa = PBXNativeTarget;
			buildConfigurationList = 55A9C96D21E3BC8900FA1FDB /* Build configuration list for PBXNativeTarget "ShopifyUITests" */;
			buildPhases = (
				0E577E2A34A1675CF140C733 /* [CP] Check Pods Manifest.lock */,
				55A9C95A21E3BC8900FA1FDB /* Sources */,
				55A9C95B21E3BC8900FA1FDB /* Frameworks */,
				55A9C95C21E3BC8900FA1FDB /* Resources */,
			);
			buildRules = (
			);
			dependencies = (
				55A9C96021E3BC8900FA1FDB /* PBXTargetDependency */,
			);
			name = ShopifyUITests;
			productName = ShopifyUITests;
			productReference = 55A9C95E21E3BC8900FA1FDB /* ShopifyUITests.xctest */;
			productType = "com.apple.product-type.bundle.ui-testing";
		};
/* End PBXNativeTarget section */

/* Begin PBXProject section */
		55A9C93721E3BC8800FA1FDB /* Project object */ = {
			isa = PBXProject;
			attributes = {
				LastSwiftUpdateCheck = 0940;
				LastUpgradeCheck = 0940;
				ORGANIZATIONNAME = "Fabrice Appolinary";
				TargetAttributes = {
					55A9C93E21E3BC8800FA1FDB = {
						CreatedOnToolsVersion = 9.4.1;
					};
					55A9C95221E3BC8900FA1FDB = {
						CreatedOnToolsVersion = 9.4.1;
						TestTargetID = 55A9C93E21E3BC8800FA1FDB;
					};
					55A9C95D21E3BC8900FA1FDB = {
						CreatedOnToolsVersion = 9.4.1;
						TestTargetID = 55A9C93E21E3BC8800FA1FDB;
					};
				};
			};
			buildConfigurationList = 55A9C93A21E3BC8800FA1FDB /* Build configuration list for PBXProject "Shopify" */;
			compatibilityVersion = "Xcode 9.3";
			developmentRegion = en;
			hasScannedForEncodings = 0;
			knownRegions = (
				en,
				Base,
			);
			mainGroup = 55A9C93621E3BC8800FA1FDB;
			productRefGroup = 55A9C94021E3BC8800FA1FDB /* Products */;
			projectDirPath = "";
			projectRoot = "";
			targets = (
				55A9C93E21E3BC8800FA1FDB /* Shopify */,
				55A9C95221E3BC8900FA1FDB /* ShopifyTests */,
				55A9C95D21E3BC8900FA1FDB /* ShopifyUITests */,
			);
		};
/* End PBXProject section */

/* Begin PBXResourcesBuildPhase section */
		55A9C93D21E3BC8800FA1FDB /* Resources */ = {
			isa = PBXResourcesBuildPhase;
			buildActionMask = 2147483647;
			files = (
				55A9C94D21E3BC8900FA1FDB /* LaunchScreen.storyboard in Resources */,
				55A9C94A21E3BC8900FA1FDB /* Assets.xcassets in Resources */,
				55A9C94821E3BC8800FA1FDB /* Main.storyboard in Resources */,
			);
			runOnlyForDeploymentPostprocessing = 0;
		};
		55A9C95121E3BC8900FA1FDB /* Resources */ = {
			isa = PBXResourcesBuildPhase;
			buildActionMask = 2147483647;
			files = (
			);
			runOnlyForDeploymentPostprocessing = 0;
		};
		55A9C95C21E3BC8900FA1FDB /* Resources */ = {
			isa = PBXResourcesBuildPhase;
			buildActionMask = 2147483647;
			files = (
			);
			runOnlyForDeploymentPostprocessing = 0;
		};
/* End PBXResourcesBuildPhase section */

/* Begin PBXShellScriptBuildPhase section */
		0E577E2A34A1675CF140C733 /* [CP] Check Pods Manifest.lock */ = {
			isa = PBXShellScriptBuildPhase;
			buildActionMask = 2147483647;
			files = (
			);
			inputFileListPaths = (
			);
			inputPaths = (
				"${PODS_PODFILE_DIR_PATH}/Podfile.lock",
				"${PODS_ROOT}/Manifest.lock",
			);
			name = "[CP] Check Pods Manifest.lock";
			outputFileListPaths = (
			);
			outputPaths = (
				"$(DERIVED_FILE_DIR)/Pods-ShopifyUITests-checkManifestLockResult.txt",
			);
			runOnlyForDeploymentPostprocessing = 0;
			shellPath = /bin/sh;
			shellScript = "diff \"${PODS_PODFILE_DIR_PATH}/Podfile.lock\" \"${PODS_ROOT}/Manifest.lock\" > /dev/null\nif [ $? != 0 ] ; then\n    # print error to STDERR\n    echo \"error: The sandbox is not in sync with the Podfile.lock. Run 'pod install' or update your CocoaPods installation.\" >&2\n    exit 1\nfi\n# This output is used by Xcode 'outputs' to avoid re-running this script phase.\necho \"SUCCESS\" > \"${SCRIPT_OUTPUT_FILE_0}\"\n";
			showEnvVarsInLog = 0;
		};
		B0DA0CF3E8B81132B08E2833 /* [CP] Check Pods Manifest.lock */ = {
			isa = PBXShellScriptBuildPhase;
			buildActionMask = 2147483647;
			files = (
			);
			inputFileListPaths = (
			);
			inputPaths = (
				"${PODS_PODFILE_DIR_PATH}/Podfile.lock",
				"${PODS_ROOT}/Manifest.lock",
			);
			name = "[CP] Check Pods Manifest.lock";
			outputFileListPaths = (
			);
			outputPaths = (
				"$(DERIVED_FILE_DIR)/Pods-ShopifyTests-checkManifestLockResult.txt",
			);
			runOnlyForDeploymentPostprocessing = 0;
			shellPath = /bin/sh;
			shellScript = "diff \"${PODS_PODFILE_DIR_PATH}/Podfile.lock\" \"${PODS_ROOT}/Manifest.lock\" > /dev/null\nif [ $? != 0 ] ; then\n    # print error to STDERR\n    echo \"error: The sandbox is not in sync with the Podfile.lock. Run 'pod install' or update your CocoaPods installation.\" >&2\n    exit 1\nfi\n# This output is used by Xcode 'outputs' to avoid re-running this script phase.\necho \"SUCCESS\" > \"${SCRIPT_OUTPUT_FILE_0}\"\n";
			showEnvVarsInLog = 0;
		};
		BB1B8605FE04DC35615ECD3C /* [CP] Check Pods Manifest.lock */ = {
			isa = PBXShellScriptBuildPhase;
			buildActionMask = 2147483647;
			files = (
			);
			inputFileListPaths = (
			);
			inputPaths = (
				"${PODS_PODFILE_DIR_PATH}/Podfile.lock",
				"${PODS_ROOT}/Manifest.lock",
			);
			name = "[CP] Check Pods Manifest.lock";
			outputFileListPaths = (
			);
			outputPaths = (
				"$(DERIVED_FILE_DIR)/Pods-Shopify-checkManifestLockResult.txt",
			);
			runOnlyForDeploymentPostprocessing = 0;
			shellPath = /bin/sh;
			shellScript = "diff \"${PODS_PODFILE_DIR_PATH}/Podfile.lock\" \"${PODS_ROOT}/Manifest.lock\" > /dev/null\nif [ $? != 0 ] ; then\n    # print error to STDERR\n    echo \"error: The sandbox is not in sync with the Podfile.lock. Run 'pod install' or update your CocoaPods installation.\" >&2\n    exit 1\nfi\n# This output is used by Xcode 'outputs' to avoid re-running this script phase.\necho \"SUCCESS\" > \"${SCRIPT_OUTPUT_FILE_0}\"\n";
			showEnvVarsInLog = 0;
		};
		BDCD218ED5BF2E5271237C60 /* [CP] Embed Pods Frameworks */ = {
			isa = PBXShellScriptBuildPhase;
			buildActionMask = 2147483647;
			files = (
			);
			inputFileListPaths = (
			);
			inputPaths = (
				"${SRCROOT}/Pods/Target Support Files/Pods-Shopify/Pods-Shopify-frameworks.sh",
				"${BUILT_PRODUCTS_DIR}/Alamofire/Alamofire.framework",
			);
			name = "[CP] Embed Pods Frameworks";
			outputFileListPaths = (
			);
			outputPaths = (
				"${TARGET_BUILD_DIR}/${FRAMEWORKS_FOLDER_PATH}/Alamofire.framework",
			);
			runOnlyForDeploymentPostprocessing = 0;
			shellPath = /bin/sh;
			shellScript = "\"${SRCROOT}/Pods/Target Support Files/Pods-Shopify/Pods-Shopify-frameworks.sh\"\n";
			showEnvVarsInLog = 0;
		};
/* End PBXShellScriptBuildPhase section */

/* Begin PBXSourcesBuildPhase section */
		55A9C93B21E3BC8800FA1FDB /* Sources */ = {
			isa = PBXSourcesBuildPhase;
			buildActionMask = 2147483647;
			files = (
				55A9C94521E3BC8800FA1FDB /* ViewController.swift in Sources */,
				55A9C94321E3BC8800FA1FDB /* AppDelegate.swift in Sources */,
			);
			runOnlyForDeploymentPostprocessing = 0;
		};
		55A9C94F21E3BC8900FA1FDB /* Sources */ = {
			isa = PBXSourcesBuildPhase;
			buildActionMask = 2147483647;
			files = (
				55A9C95821E3BC8900FA1FDB /* ShopifyTests.swift in Sources */,
			);
			runOnlyForDeploymentPostprocessing = 0;
		};
		55A9C95A21E3BC8900FA1FDB /* Sources */ = {
			isa = PBXSourcesBuildPhase;
			buildActionMask = 2147483647;
			files = (
				55A9C96321E3BC8900FA1FDB /* ShopifyUITests.swift in Sources */,
			);
			runOnlyForDeploymentPostprocessing = 0;
		};
/* End PBXSourcesBuildPhase section */

/* Begin PBXTargetDependency section */
		55A9C95521E3BC8900FA1FDB /* PBXTargetDependency */ = {
			isa = PBXTargetDependency;
			target = 55A9C93E21E3BC8800FA1FDB /* Shopify */;
			targetProxy = 55A9C95421E3BC8900FA1FDB /* PBXContainerItemProxy */;
		};
		55A9C96021E3BC8900FA1FDB /* PBXTargetDependency */ = {
			isa = PBXTargetDependency;
			target = 55A9C93E21E3BC8800FA1FDB /* Shopify */;
			targetProxy = 55A9C95F21E3BC8900FA1FDB /* PBXContainerItemProxy */;
		};
/* End PBXTargetDependency section */

/* Begin PBXVariantGroup section */
		55A9C94621E3BC8800FA1FDB /* Main.storyboard */ = {
			isa = PBXVariantGroup;
			children = (
				55A9C94721E3BC8800FA1FDB /* Base */,
			);
			name = Main.storyboard;
			sourceTree = "<group>";
		};
		55A9C94B21E3BC8900FA1FDB /* LaunchScreen.storyboard */ = {
			isa = PBXVariantGroup;
			children = (
				55A9C94C21E3BC8900FA1FDB /* Base */,
			);
			name = LaunchScreen.storyboard;
			sourceTree = "<group>";
		};
/* End PBXVariantGroup section */

/* Begin XCBuildConfiguration section */
		55A9C96521E3BC8900FA1FDB /* Debug */ = {
			isa = XCBuildConfiguration;
			buildSettings = {
				ALWAYS_SEARCH_USER_PATHS = NO;
				CLANG_ANALYZER_NONNULL = YES;
				CLANG_ANALYZER_NUMBER_OBJECT_CONVERSION = YES_AGGRESSIVE;
				CLANG_CXX_LANGUAGE_STANDARD = "gnu++14";
				CLANG_CXX_LIBRARY = "libc++";
				CLANG_ENABLE_MODULES = YES;
				CLANG_ENABLE_OBJC_ARC = YES;
				CLANG_ENABLE_OBJC_WEAK = YES;
				CLANG_WARN_BLOCK_CAPTURE_AUTORELEASING = YES;
				CLANG_WARN_BOOL_CONVERSION = YES;
				CLANG_WARN_COMMA = YES;
				CLANG_WARN_CONSTANT_CONVERSION = YES;
				CLANG_WARN_DEPRECATED_OBJC_IMPLEMENTATIONS = YES;
				CLANG_WARN_DIRECT_OBJC_ISA_USAGE = YES_ERROR;
				CLANG_WARN_DOCUMENTATION_COMMENTS = YES;
				CLANG_WARN_EMPTY_BODY = YES;
				CLANG_WARN_ENUM_CONVERSION = YES;
				CLANG_WARN_INFINITE_RECURSION = YES;
				CLANG_WARN_INT_CONVERSION = YES;
				CLANG_WARN_NON_LITERAL_NULL_CONVERSION = YES;
				CLANG_WARN_OBJC_IMPLICIT_RETAIN_SELF = YES;
				CLANG_WARN_OBJC_LITERAL_CONVERSION = YES;
				CLANG_WARN_OBJC_ROOT_CLASS = YES_ERROR;
				CLANG_WARN_RANGE_LOOP_ANALYSIS = YES;
				CLANG_WARN_STRICT_PROTOTYPES = YES;
				CLANG_WARN_SUSPICIOUS_MOVE = YES;
				CLANG_WARN_UNGUARDED_AVAILABILITY = YES_AGGRESSIVE;
				CLANG_WARN_UNREACHABLE_CODE = YES;
				CLANG_WARN__DUPLICATE_METHOD_MATCH = YES;
				CODE_SIGN_IDENTITY = "iPhone Developer";
				COPY_PHASE_STRIP = NO;
				DEBUG_INFORMATION_FORMAT = dwarf;
				ENABLE_STRICT_OBJC_MSGSEND = YES;
				ENABLE_TESTABILITY = YES;
				GCC_C_LANGUAGE_STANDARD = gnu11;
				GCC_DYNAMIC_NO_PIC = NO;
				GCC_NO_COMMON_BLOCKS = YES;
				GCC_OPTIMIZATION_LEVEL = 0;
				GCC_PREPROCESSOR_DEFINITIONS = (
					"DEBUG=1",
					"$(inherited)",
				);
				GCC_WARN_64_TO_32_BIT_CONVERSION = YES;
				GCC_WARN_ABOUT_RETURN_TYPE = YES_ERROR;
				GCC_WARN_UNDECLARED_SELECTOR = YES;
				GCC_WARN_UNINITIALIZED_AUTOS = YES_AGGRESSIVE;
				GCC_WARN_UNUSED_FUNCTION = YES;
				GCC_WARN_UNUSED_VARIABLE = YES;
				IPHONEOS_DEPLOYMENT_TARGET = 11.4;
				MTL_ENABLE_DEBUG_INFO = YES;
				ONLY_ACTIVE_ARCH = YES;
				SDKROOT = iphoneos;
				SWIFT_ACTIVE_COMPILATION_CONDITIONS = DEBUG;
				SWIFT_OPTIMIZATION_LEVEL = "-Onone";
			};
			name = Debug;
		};
		55A9C96621E3BC8900FA1FDB /* Release */ = {
			isa = XCBuildConfiguration;
			buildSettings = {
				ALWAYS_SEARCH_USER_PATHS = NO;
				CLANG_ANALYZER_NONNULL = YES;
				CLANG_ANALYZER_NUMBER_OBJECT_CONVERSION = YES_AGGRESSIVE;
				CLANG_CXX_LANGUAGE_STANDARD = "gnu++14";
				CLANG_CXX_LIBRARY = "libc++";
				CLANG_ENABLE_MODULES = YES;
				CLANG_ENABLE_OBJC_ARC = YES;
				CLANG_ENABLE_OBJC_WEAK = YES;
				CLANG_WARN_BLOCK_CAPTURE_AUTORELEASING = YES;
				CLANG_WARN_BOOL_CONVERSION = YES;
				CLANG_WARN_COMMA = YES;
				CLANG_WARN_CONSTANT_CONVERSION = YES;
				CLANG_WARN_DEPRECATED_OBJC_IMPLEMENTATIONS = YES;
				CLANG_WARN_DIRECT_OBJC_ISA_USAGE = YES_ERROR;
				CLANG_WARN_DOCUMENTATION_COMMENTS = YES;
				CLANG_WARN_EMPTY_BODY = YES;
				CLANG_WARN_ENUM_CONVERSION = YES;
				CLANG_WARN_INFINITE_RECURSION = YES;
				CLANG_WARN_INT_CONVERSION = YES;
				CLANG_WARN_NON_LITERAL_NULL_CONVERSION = YES;
				CLANG_WARN_OBJC_IMPLICIT_RETAIN_SELF = YES;
				CLANG_WARN_OBJC_LITERAL_CONVERSION = YES;
				CLANG_WARN_OBJC_ROOT_CLASS = YES_ERROR;
				CLANG_WARN_RANGE_LOOP_ANALYSIS = YES;
				CLANG_WARN_STRICT_PROTOTYPES = YES;
				CLANG_WARN_SUSPICIOUS_MOVE = YES;
				CLANG_WARN_UNGUARDED_AVAILABILITY = YES_AGGRESSIVE;
				CLANG_WARN_UNREACHABLE_CODE = YES;
				CLANG_WARN__DUPLICATE_METHOD_MATCH = YES;
				CODE_SIGN_IDENTITY = "iPhone Developer";
				COPY_PHASE_STRIP = NO;
				DEBUG_INFORMATION_FORMAT = "dwarf-with-dsym";
				ENABLE_NS_ASSERTIONS = NO;
				ENABLE_STRICT_OBJC_MSGSEND = YES;
				GCC_C_LANGUAGE_STANDARD = gnu11;
				GCC_NO_COMMON_BLOCKS = YES;
				GCC_WARN_64_TO_32_BIT_CONVERSION = YES;
				GCC_WARN_ABOUT_RETURN_TYPE = YES_ERROR;
				GCC_WARN_UNDECLARED_SELECTOR = YES;
				GCC_WARN_UNINITIALIZED_AUTOS = YES_AGGRESSIVE;
				GCC_WARN_UNUSED_FUNCTION = YES;
				GCC_WARN_UNUSED_VARIABLE = YES;
				IPHONEOS_DEPLOYMENT_TARGET = 11.4;
				MTL_ENABLE_DEBUG_INFO = NO;
				SDKROOT = iphoneos;
				SWIFT_COMPILATION_MODE = wholemodule;
				SWIFT_OPTIMIZATION_LEVEL = "-O";
				VALIDATE_PRODUCT = YES;
			};
			name = Release;
		};
		55A9C96821E3BC8900FA1FDB /* Debug */ = {
			isa = XCBuildConfiguration;
			baseConfigurationReference = 796D217413F2264AD695FC56 /* Pods-Shopify.debug.xcconfig */;
			buildSettings = {
				ASSETCATALOG_COMPILER_APPICON_NAME = AppIcon;
				CODE_SIGN_STYLE = Automatic;
				DEVELOPMENT_TEAM = MXVRUK5BHM;
				INFOPLIST_FILE = Shopify/Info.plist;
				LD_RUNPATH_SEARCH_PATHS = (
					"$(inherited)",
					"@executable_path/Frameworks",
				);
				PRODUCT_BUNDLE_IDENTIFIER = com.niims.Shopify;
				PRODUCT_NAME = "$(TARGET_NAME)";
				SWIFT_VERSION = 4.0;
				TARGETED_DEVICE_FAMILY = "1,2";
			};
			name = Debug;
		};
		55A9C96921E3BC8900FA1FDB /* Release */ = {
			isa = XCBuildConfiguration;
			baseConfigurationReference = 59903251DBCF5A5814BA24CB /* Pods-Shopify.release.xcconfig */;
			buildSettings = {
				ASSETCATALOG_COMPILER_APPICON_NAME = AppIcon;
				CODE_SIGN_STYLE = Automatic;
				DEVELOPMENT_TEAM = MXVRUK5BHM;
				INFOPLIST_FILE = Shopify/Info.plist;
				LD_RUNPATH_SEARCH_PATHS = (
					"$(inherited)",
					"@executable_path/Frameworks",
				);
				PRODUCT_BUNDLE_IDENTIFIER = com.niims.Shopify;
				PRODUCT_NAME = "$(TARGET_NAME)";
				SWIFT_VERSION = 4.0;
				TARGETED_DEVICE_FAMILY = "1,2";
			};
			name = Release;
		};
		55A9C96B21E3BC8900FA1FDB /* Debug */ = {
			isa = XCBuildConfiguration;
			baseConfigurationReference = 5B59379BDE4970B80B2293D5 /* Pods-ShopifyTests.debug.xcconfig */;
			buildSettings = {
				ALWAYS_EMBED_SWIFT_STANDARD_LIBRARIES = YES;
				BUNDLE_LOADER = "$(TEST_HOST)";
				CODE_SIGN_STYLE = Automatic;
				DEVELOPMENT_TEAM = MXVRUK5BHM;
				INFOPLIST_FILE = ShopifyTests/Info.plist;
				LD_RUNPATH_SEARCH_PATHS = (
					"$(inherited)",
					"@executable_path/Frameworks",
					"@loader_path/Frameworks",
				);
				PRODUCT_BUNDLE_IDENTIFIER = com.niims.ShopifyTests;
				PRODUCT_NAME = "$(TARGET_NAME)";
				SWIFT_VERSION = 4.0;
				TARGETED_DEVICE_FAMILY = "1,2";
				TEST_HOST = "$(BUILT_PRODUCTS_DIR)/Shopify.app/Shopify";
			};
			name = Debug;
		};
		55A9C96C21E3BC8900FA1FDB /* Release */ = {
			isa = XCBuildConfiguration;
			baseConfigurationReference = 21508A4EE45F879617F01C52 /* Pods-ShopifyTests.release.xcconfig */;
			buildSettings = {
				ALWAYS_EMBED_SWIFT_STANDARD_LIBRARIES = YES;
				BUNDLE_LOADER = "$(TEST_HOST)";
				CODE_SIGN_STYLE = Automatic;
				DEVELOPMENT_TEAM = MXVRUK5BHM;
				INFOPLIST_FILE = ShopifyTests/Info.plist;
				LD_RUNPATH_SEARCH_PATHS = (
					"$(inherited)",
					"@executable_path/Frameworks",
					"@loader_path/Frameworks",
				);
				PRODUCT_BUNDLE_IDENTIFIER = com.niims.ShopifyTests;
				PRODUCT_NAME = "$(TARGET_NAME)";
				SWIFT_VERSION = 4.0;
				TARGETED_DEVICE_FAMILY = "1,2";
				TEST_HOST = "$(BUILT_PRODUCTS_DIR)/Shopify.app/Shopify";
			};
			name = Release;
		};
		55A9C96E21E3BC8900FA1FDB /* Debug */ = {
			isa = XCBuildConfiguration;
			baseConfigurationReference = E4B5FC3CB57FB3B73240C86F /* Pods-ShopifyUITests.debug.xcconfig */;
			buildSettings = {
				ALWAYS_EMBED_SWIFT_STANDARD_LIBRARIES = YES;
				CODE_SIGN_STYLE = Automatic;
				DEVELOPMENT_TEAM = MXVRUK5BHM;
				INFOPLIST_FILE = ShopifyUITests/Info.plist;
				LD_RUNPATH_SEARCH_PATHS = (
					"$(inherited)",
					"@executable_path/Frameworks",
					"@loader_path/Frameworks",
				);
				PRODUCT_BUNDLE_IDENTIFIER = com.niims.ShopifyUITests;
				PRODUCT_NAME = "$(TARGET_NAME)";
				SWIFT_VERSION = 4.0;
				TARGETED_DEVICE_FAMILY = "1,2";
				TEST_TARGET_NAME = Shopify;
			};
			name = Debug;
		};
		55A9C96F21E3BC8900FA1FDB /* Release */ = {
			isa = XCBuildConfiguration;
			baseConfigurationReference = B4CC51F5331B5912618D97AE /* Pods-ShopifyUITests.release.xcconfig */;
			buildSettings = {
				ALWAYS_EMBED_SWIFT_STANDARD_LIBRARIES = YES;
				CODE_SIGN_STYLE = Automatic;
				DEVELOPMENT_TEAM = MXVRUK5BHM;
				INFOPLIST_FILE = ShopifyUITests/Info.plist;
				LD_RUNPATH_SEARCH_PATHS = (
					"$(inherited)",
					"@executable_path/Frameworks",
					"@loader_path/Frameworks",
				);
				PRODUCT_BUNDLE_IDENTIFIER = com.niims.ShopifyUITests;
				PRODUCT_NAME = "$(TARGET_NAME)";
				SWIFT_VERSION = 4.0;
				TARGETED_DEVICE_FAMILY = "1,2";
				TEST_TARGET_NAME = Shopify;
			};
			name = Release;
		};
/* End XCBuildConfiguration section */

/* Begin XCConfigurationList section */
		55A9C93A21E3BC8800FA1FDB /* Build configuration list for PBXProject "Shopify" */ = {
			isa = XCConfigurationList;
			buildConfigurations = (
				55A9C96521E3BC8900FA1FDB /* Debug */,
				55A9C96621E3BC8900FA1FDB /* Release */,
			);
			defaultConfigurationIsVisible = 0;
			defaultConfigurationName = Release;
		};
		55A9C96721E3BC8900FA1FDB /* Build configuration list for PBXNativeTarget "Shopify" */ = {
			isa = XCConfigurationList;
			buildConfigurations = (
				55A9C96821E3BC8900FA1FDB /* Debug */,
				55A9C96921E3BC8900FA1FDB /* Release */,
			);
			defaultConfigurationIsVisible = 0;
			defaultConfigurationName = Release;
		};
		55A9C96A21E3BC8900FA1FDB /* Build configuration list for PBXNativeTarget "ShopifyTests" */ = {
			isa = XCConfigurationList;
			buildConfigurations = (
				55A9C96B21E3BC8900FA1FDB /* Debug */,
				55A9C96C21E3BC8900FA1FDB /* Release */,
			);
			defaultConfigurationIsVisible = 0;
			defaultConfigurationName = Release;
		};
		55A9C96D21E3BC8900FA1FDB /* Build configuration list for PBXNativeTarget "ShopifyUITests" */ = {
			isa = XCConfigurationList;
			buildConfigurations = (
				55A9C96E21E3BC8900FA1FDB /* Debug */,
				55A9C96F21E3BC8900FA1FDB /* Release */,
			);
			defaultConfigurationIsVisible = 0;
			defaultConfigurationName = Release;
		};
/* End XCConfigurationList section */
	};
	rootObject = 55A9C93721E3BC8800FA1FDB /* Project object */;
}
